
Microsoft Visual Studio Solution File, Format Version 12.00
# Visual Studio 15
VisualStudioVersion = 15.0.26724.1
MinimumVisualStudioVersion = 10.0.40219.1
Project("{FAE04EC0-301F-11D3-BF4B-00C04F79EFBC}") = "Kata20170727_CountTheSmileyFaces", "Kata20170727_CountTheSmileyFaces\Kata20170727_CountTheSmileyFaces.csproj", "{79EBEC74-C4A7-47D8-AF81-332B9F933C67}"
EndProject
Global
	GlobalSection(SolutionConfigurationPlatforms) = preSolution
		Debug|Any CPU = Debug|Any CPU
		Release|Any CPU = Release|Any CPU
	EndGlobalSection
	GlobalSection(ProjectConfigurationPlatforms) = postSolution
		{79EBEC74-C4A7-47D8-AF81-332B9F933C67}.Debug|Any CPU.ActiveCfg = Debug|Any CPU
		{79EBEC74-C4A7-47D8-AF81-332B9F933C67}.Debug|Any CPU.Build.0 = Debug|Any CPU
		{79EBEC74-C4A7-47D8-AF81-332B9F933C67}.Release|Any CPU.ActiveCfg = Release|Any CPU
		{79EBEC74-C4A7-47D8-AF81-332B9F933C67}.Release|Any CPU.Build.0 = Release|Any CPU
	EndGlobalSection
	GlobalSection(SolutionProperties) = preSolution
		HideSolutionNode = FALSE
	EndGlobalSection
	GlobalSection(ExtensibilityGlobals) = postSolution
		SolutionGuid = {ABDFDAAE-5214-45A9-B78A-24F53F6A73A3}
	EndGlobalSection
	GlobalSection(CodealikeProperties) = postSolution
		SolutionGuid = 37480fb3-5a07-4d94-bd4f-2d52db7b7de5
	EndGlobalSection
EndGlobal
